
Microsoft Visual Studio Solution File, Format Version 12.00
Project("{FAE04EC0-301F-11D3-BF4B-00C04F79EFBC}") = "KeineMod", "KeineMod.csproj", "{DF4393FB-D223-4F65-958F-17FB048F7BDF}"
EndProject
Global
	GlobalSection(SolutionConfigurationPlatforms) = preSolution
		Debug|Any CPU = Debug|Any CPU
		ExportDebug|Any CPU = ExportDebug|Any CPU
		ExportRelease|Any CPU = ExportRelease|Any CPU
	EndGlobalSection
	GlobalSection(ProjectConfigurationPlatforms) = postSolution
		{DF4393FB-D223-4F65-958F-17FB048F7BDF}.Debug|Any CPU.ActiveCfg = Debug|Any CPU
		{DF4393FB-D223-4F65-958F-17FB048F7BDF}.Debug|Any CPU.Build.0 = Debug|Any CPU
		{DF4393FB-D223-4F65-958F-17FB048F7BDF}.ExportDebug|Any CPU.ActiveCfg = ExportDebug|Any CPU
		{DF4393FB-D223-4F65-958F-17FB048F7BDF}.ExportDebug|Any CPU.Build.0 = ExportDebug|Any CPU
		{DF4393FB-D223-4F65-958F-17FB048F7BDF}.ExportRelease|Any CPU.ActiveCfg = ExportRelease|Any CPU
		{DF4393FB-D223-4F65-958F-17FB048F7BDF}.ExportRelease|Any CPU.Build.0 = ExportRelease|Any CPU
	EndGlobalSection
EndGlobal
